
Microsoft Visual Studio Solution File, Format Version 12.00
# Visual Studio Version 16
VisualStudioVersion = 16.0.28803.452
MinimumVisualStudioVersion = 10.0.40219.1
Project("{FAE04EC0-301F-11D3-BF4B-00C04F79EFBC}") = "Orange.StatsD", "Orange.StatsD\Orange.StatsD.csproj", "{D96EA723-28CE-4F53-A1E2-8D40F00E694C}"
EndProject
Global
	GlobalSection(SolutionConfigurationPlatforms) = preSolution
		Debug|Any CPU = Debug|Any CPU
		Release|Any CPU = Release|Any CPU
	EndGlobalSection
	GlobalSection(ProjectConfigurationPlatforms) = postSolution
		{D96EA723-28CE-4F53-A1E2-8D40F00E694C}.Debug|Any CPU.ActiveCfg = Debug|Any CPU
		{D96EA723-28CE-4F53-A1E2-8D40F00E694C}.Debug|Any CPU.Build.0 = Debug|Any CPU
		{D96EA723-28CE-4F53-A1E2-8D40F00E694C}.Release|Any CPU.ActiveCfg = Release|Any CPU
		{D96EA723-28CE-4F53-A1E2-8D40F00E694C}.Release|Any CPU.Build.0 = Release|Any CPU
	EndGlobalSection
	GlobalSection(SolutionProperties) = preSolution
		HideSolutionNode = FALSE
	EndGlobalSection
	GlobalSection(ExtensibilityGlobals) = postSolution
		SolutionGuid = {D0243084-2195-4E3C-8111-4127D8EEA852}
	EndGlobalSection
EndGlobal
